<?xml version="1.0" encoding="utf-8"?>
<Project ToolsVersion="17.0" xmlns="http://schemas.microsoft.com/developer/msbuild/2003">
  <ItemGroup>
    <CustomBuild Include="C:\Users\karol\Documents\Github_OLD\item editor\project_qt6\build-release\CMakeFiles\22c0cbc4817708d6029c01e6a35fc120\INSTALL_force.rule">
      <Filter>CMake Rules</Filter>
    </CustomBuild>
  </ItemGroup>
  <ItemGroup>
    <Filter Include="CMake Rules">
      <UniqueIdentifier>{419C9447-3821-3BF1-9B0B-BC7B94B5A8D5}</UniqueIdentifier>
    </Filter>
  </ItemGroup>
</Project>
